
Microsoft Visual Studio Solution File, Format Version 12.00
# Visual Studio Version 17
VisualStudioVersion = 17.9.34902.65
MinimumVisualStudioVersion = 10.0.40219.1
Project("{FAE04EC0-301F-11D3-BF4B-00C04F79EFBC}") = "PracticeProblems", "PracticeProblems\PracticeProblems.csproj", "{29F2FE03-D024-4B00-9186-5CDA0DA1726B}"
EndProject
Global
	GlobalSection(SolutionConfigurationPlatforms) = preSolution
		Debug|Any CPU = Debug|Any CPU
		Release|Any CPU = Release|Any CPU
	EndGlobalSection
	GlobalSection(ProjectConfigurationPlatforms) = postSolution
		{29F2FE03-D024-4B00-9186-5CDA0DA1726B}.Debug|Any CPU.ActiveCfg = Debug|Any CPU
		{29F2FE03-D024-4B00-9186-5CDA0DA1726B}.Debug|Any CPU.Build.0 = Debug|Any CPU
		{29F2FE03-D024-4B00-9186-5CDA0DA1726B}.Release|Any CPU.ActiveCfg = Release|Any CPU
		{29F2FE03-D024-4B00-9186-5CDA0DA1726B}.Release|Any CPU.Build.0 = Release|Any CPU
	EndGlobalSection
	GlobalSection(SolutionProperties) = preSolution
		HideSolutionNode = FALSE
	EndGlobalSection
	GlobalSection(ExtensibilityGlobals) = postSolution
		SolutionGuid = {BD53DD18-AB77-425D-9C2D-0BF9FE8F8AF3}
	EndGlobalSection
EndGlobal
